// !$*UTF8*$!
{
	archiveVersion = 1;
	classes = {
	};
	objectVersion = 46;
	objects = {

/* Begin PBXBuildFile section */
		3829982F1B3982BE0045B3BD /* MIndustryRaiders2ViewController.m in Sources */ = {isa = PBXBuildFile; fileRef = 382998281B3982BE0045B3BD /* MIndustryRaiders2ViewController.m */; };
		382998301B3982BE0045B3BD /* MInventoryTurnoverViewController.m in Sources */ = {isa = PBXBuildFile; fileRef = 3829982A1B3982BE0045B3BD /* MInventoryTurnoverViewController.m */; };
		382998311B3982BE0045B3BD /* MRaidersDescriptionViewController.m in Sources */ = {isa = PBXBuildFile; fileRef = 3829982C1B3982BE0045B3BD /* MRaidersDescriptionViewController.m */; };
		382998321B3982BE0045B3BD /* MRaidersDiagramViewController.m in Sources */ = {isa = PBXBuildFile; fileRef = 3829982E1B3982BE0045B3BD /* MRaidersDiagramViewController.m */; };
		382998351B3983060045B3BD /* MIndustryRaidersTableViewCell.m in Sources */ = {isa = PBXBuildFile; fileRef = 382998341B3983060045B3BD /* MIndustryRaidersTableViewCell.m */; };
		382998381B3AA1BF0045B3BD /* MRaidersDescriptionTableViewCell.m in Sources */ = {isa = PBXBuildFile; fileRef = 382998371B3AA1BF0045B3BD /* MRaidersDescriptionTableViewCell.m */; };
		3A03AA121B3B9B1900923ABB /* MEventSelectViewController.m in Sources */ = {isa = PBXBuildFile; fileRef = 3A03AA111B3B9B1900923ABB /* MEventSelectViewController.m */; };
		3A03AA1B1B3BD5CA00923ABB /* downArrow.png in Resources */ = {isa = PBXBuildFile; fileRef = 3A03AA141B3BD5CA00923ABB /* downArrow.png */; };
		3A03AA1C1B3BD5CA00923ABB /* downArrow@2x.png in Resources */ = {isa = PBXBuildFile; fileRef = 3A03AA151B3BD5CA00923ABB /* downArrow@2x.png */; };
		3A03AA1D1B3BD5CA00923ABB /* downArrow@3x.png in Resources */ = {isa = PBXBuildFile; fileRef = 3A03AA161B3BD5CA00923ABB /* downArrow@3x.png */; };
		3A03AA1E1B3BD5CA00923ABB /* DownPicker.m in Sources */ = {isa = PBXBuildFile; fileRef = 3A03AA181B3BD5CA00923ABB /* DownPicker.m */; };
		3A03AA1F1B3BD5CA00923ABB /* UIDownPicker.m in Sources */ = {isa = PBXBuildFile; fileRef = 3A03AA1A1B3BD5CA00923ABB /* UIDownPicker.m */; };
		3A03AA231B3BFF0500923ABB /* MEventDetailViewController.m in Sources */ = {isa = PBXBuildFile; fileRef = 3A03AA221B3BFF0500923ABB /* MEventDetailViewController.m */; };
		3A03F9651B3A4F26000F345B /* MKeyActivitiesViewController.m in Sources */ = {isa = PBXBuildFile; fileRef = 3A03F9601B3A4F26000F345B /* MKeyActivitiesViewController.m */; };
		3A03F9661B3A4F26000F345B /* MMyPlanViewController.m in Sources */ = {isa = PBXBuildFile; fileRef = 3A03F9621B3A4F26000F345B /* MMyPlanViewController.m */; };
		3A03F9671B3A4F26000F345B /* MMyRaidersViewController.m in Sources */ = {isa = PBXBuildFile; fileRef = 3A03F9641B3A4F26000F345B /* MMyRaidersViewController.m */; };
		3A03F96D1B3A5B3E000F345B /* MEventListViewController.m in Sources */ = {isa = PBXBuildFile; fileRef = 3A03F96C1B3A5B3E000F345B /* MEventListViewController.m */; };
		3A03F96F1B3A60A0000F345B /* QuartzCore.framework in Frameworks */ = {isa = PBXBuildFile; fileRef = 3A03F96E1B3A60A0000F345B /* QuartzCore.framework */; };
		3A03F9731B3A60DB000F345B /* HMSegmentedControl.m in Sources */ = {isa = PBXBuildFile; fileRef = 3A03F9721B3A60DB000F345B /* HMSegmentedControl.m */; };
		3A40D8C41B391DE000F2079F /* icon_setting.png in Resources */ = {isa = PBXBuildFile; fileRef = 3A40D8C31B391DE000F2079F /* icon_setting.png */; };
		3A711B7C1B37B24E00E94211 /* icon_back.png in Resources */ = {isa = PBXBuildFile; fileRef = 3A711B7B1B37B24E00E94211 /* icon_back.png */; };
		3A711B8E1B3800C100E94211 /* NSMutableArray+SWUtilityButtons.m in Sources */ = {isa = PBXBuildFile; fileRef = 3A711B831B3800C100E94211 /* NSMutableArray+SWUtilityButtons.m */; };
		3A711B8F1B3800C100E94211 /* SWCellScrollView.m in Sources */ = {isa = PBXBuildFile; fileRef = 3A711B851B3800C100E94211 /* SWCellScrollView.m */; };
		3A711B901B3800C100E94211 /* SWLongPressGestureRecognizer.m in Sources */ = {isa = PBXBuildFile; fileRef = 3A711B871B3800C100E94211 /* SWLongPressGestureRecognizer.m */; };
		3A711B911B3800C100E94211 /* SWTableViewCell.m in Sources */ = {isa = PBXBuildFile; fileRef = 3A711B891B3800C100E94211 /* SWTableViewCell.m */; };
		3A711B921B3800C100E94211 /* SWUtilityButtonTapGestureRecognizer.m in Sources */ = {isa = PBXBuildFile; fileRef = 3A711B8B1B3800C100E94211 /* SWUtilityButtonTapGestureRecognizer.m */; };
		3A711B931B3800C100E94211 /* SWUtilityButtonView.m in Sources */ = {isa = PBXBuildFile; fileRef = 3A711B8D1B3800C100E94211 /* SWUtilityButtonView.m */; };
		3AB4CE0A1B32822500143374 /* MIndustryRaidersViewController.m in Sources */ = {isa = PBXBuildFile; fileRef = 3AB4CE091B32822500143374 /* MIndustryRaidersViewController.m */; };
		3AB4CE111B32831500143374 /* MMonitorMapViewController.m in Sources */ = {isa = PBXBuildFile; fileRef = 3AB4CE101B32831500143374 /* MMonitorMapViewController.m */; };
		3AB4CE141B32839300143374 /* MSeeStatusViewController.m in Sources */ = {isa = PBXBuildFile; fileRef = 3AB4CE131B32839300143374 /* MSeeStatusViewController.m */; };
		3AB4CE171B32841100143374 /* MLookingForSolutionsViewController.m in Sources */ = {isa = PBXBuildFile; fileRef = 3AB4CE161B32841100143374 /* MLookingForSolutionsViewController.m */; };
		3AB4CE1A1B32848B00143374 /* MMyTaskViewController.m in Sources */ = {isa = PBXBuildFile; fileRef = 3AB4CE191B32848B00143374 /* MMyTaskViewController.m */; };
		3AB4CE291B32895C00143374 /* MMDrawerBarButtonItem.m in Sources */ = {isa = PBXBuildFile; fileRef = 3AB4CE211B32895C00143374 /* MMDrawerBarButtonItem.m */; };
		3AB4CE2A1B32895C00143374 /* MMDrawerController.m in Sources */ = {isa = PBXBuildFile; fileRef = 3AB4CE241B32895C00143374 /* MMDrawerController.m */; };
		3AB4CE2B1B32895C00143374 /* MMDrawerVisualState.m in Sources */ = {isa = PBXBuildFile; fileRef = 3AB4CE261B32895C00143374 /* MMDrawerVisualState.m */; };
		3AB4CE2C1B32895C00143374 /* UIViewController+MMDrawerController.m in Sources */ = {isa = PBXBuildFile; fileRef = 3AB4CE281B32895C00143374 /* UIViewController+MMDrawerController.m */; };
		3AB4CE2F1B32997000143374 /* MTabBarViewController.m in Sources */ = {isa = PBXBuildFile; fileRef = 3AB4CE2E1B32997000143374 /* MTabBarViewController.m */; };
		3AB4CE331B32A12300143374 /* Button-Favorite-List-Normal.png in Resources */ = {isa = PBXBuildFile; fileRef = 3AB4CE311B32A12300143374 /* Button-Favorite-List-Normal.png */; };
		3AB4CE341B32A12300143374 /* Button-Favorite-List-Pressed.png in Resources */ = {isa = PBXBuildFile; fileRef = 3AB4CE321B32A12300143374 /* Button-Favorite-List-Pressed.png */; };
		3AB4CE391B32C0C800143374 /* ASFileManager.m in Sources */ = {isa = PBXBuildFile; fileRef = 3AB4CE381B32C0C800143374 /* ASFileManager.m */; };
		D06C2D271B37A5CD009D2082 /* MDataBaseManager.m in Sources */ = {isa = PBXBuildFile; fileRef = D06C2D261B37A5CD009D2082 /* MDataBaseManager.m */; };
		D06C2D291B37AC88009D2082 /* libsqlite3.dylib in Frameworks */ = {isa = PBXBuildFile; fileRef = D06C2D281B37AC88009D2082 /* libsqlite3.dylib */; };
		D06C2D2C1B37B58C009D2082 /* MDesignateResponsibleViewController.m in Sources */ = {isa = PBXBuildFile; fileRef = D06C2D2B1B37B58C009D2082 /* MDesignateResponsibleViewController.m */; };
		D06C2D2F1B37EC27009D2082 /* button_search.png in Resources */ = {isa = PBXBuildFile; fileRef = D06C2D2E1B37EC27009D2082 /* button_search.png */; };
		D06C2D311B37EFB4009D2082 /* icon_down.png in Resources */ = {isa = PBXBuildFile; fileRef = D06C2D301B37EFB4009D2082 /* icon_down.png */; };
		D06C2D341B37FAE9009D2082 /* check_box_off.png in Resources */ = {isa = PBXBuildFile; fileRef = D06C2D321B37FAE9009D2082 /* check_box_off.png */; };
		D06C2D351B37FAE9009D2082 /* check_box_on.png in Resources */ = {isa = PBXBuildFile; fileRef = D06C2D331B37FAE9009D2082 /* check_box_on.png */; };
		D06C2D411B381850009D2082 /* FMDatabase.m in Sources */ = {isa = PBXBuildFile; fileRef = D06C2D381B381850009D2082 /* FMDatabase.m */; };
		D06C2D421B381850009D2082 /* FMDatabaseAdditions.m in Sources */ = {isa = PBXBuildFile; fileRef = D06C2D3A1B381850009D2082 /* FMDatabaseAdditions.m */; };
		D06C2D431B381850009D2082 /* FMDatabasePool.m in Sources */ = {isa = PBXBuildFile; fileRef = D06C2D3C1B381850009D2082 /* FMDatabasePool.m */; };
		D06C2D441B381850009D2082 /* FMDatabaseQueue.m in Sources */ = {isa = PBXBuildFile; fileRef = D06C2D3E1B381850009D2082 /* FMDatabaseQueue.m */; };
		D06C2D451B381850009D2082 /* FMResultSet.m in Sources */ = {isa = PBXBuildFile; fileRef = D06C2D401B381850009D2082 /* FMResultSet.m */; };
		D07B390F1B3A39A6007FCBC0 /* MLineChartView.m in Sources */ = {isa = PBXBuildFile; fileRef = D07B390E1B3A39A6007FCBC0 /* MLineChartView.m */; };
		DC0ADF5E1B316E340019236D /* main.m in Sources */ = {isa = PBXBuildFile; fileRef = DC0ADF5D1B316E340019236D /* main.m */; };
		DC0ADF611B316E340019236D /* AppDelegate.m in Sources */ = {isa = PBXBuildFile; fileRef = DC0ADF601B316E340019236D /* AppDelegate.m */; };
		DC0ADF641B316E340019236D /* MSettingViewController.m in Sources */ = {isa = PBXBuildFile; fileRef = DC0ADF631B316E340019236D /* MSettingViewController.m */; };
		DC0ADF671B316E340019236D /* Main.storyboard in Resources */ = {isa = PBXBuildFile; fileRef = DC0ADF651B316E340019236D /* Main.storyboard */; };
		DC0ADF691B316E340019236D /* Images.xcassets in Resources */ = {isa = PBXBuildFile; fileRef = DC0ADF681B316E340019236D /* Images.xcassets */; };
		DC0ADF6C1B316E340019236D /* LaunchScreen.xib in Resources */ = {isa = PBXBuildFile; fileRef = DC0ADF6A1B316E340019236D /* LaunchScreen.xib */; };
		DC0ADF781B316E340019236D /* DigiwinSoftTests.m in Sources */ = {isa = PBXBuildFile; fileRef = DC0ADF771B316E340019236D /* DigiwinSoftTests.m */; };
		DC10144B1B32985600EF7A6F /* MUser.m in Sources */ = {isa = PBXBuildFile; fileRef = DC10144A1B32985600EF7A6F /* MUser.m */; };
		DC10144E1B32B66200EF7A6F /* MGuide.m in Sources */ = {isa = PBXBuildFile; fileRef = DC10144D1B32B66200EF7A6F /* MGuide.m */; };
		DC1014511B32B67F00EF7A6F /* MActivity.m in Sources */ = {isa = PBXBuildFile; fileRef = DC1014501B32B67F00EF7A6F /* MActivity.m */; };
		DC1014541B32B69F00EF7A6F /* MWorkItem.m in Sources */ = {isa = PBXBuildFile; fileRef = DC1014531B32B69F00EF7A6F /* MWorkItem.m */; };
/* End PBXBuildFile section */

/* Begin PBXContainerItemProxy section */
		DC0ADF721B316E340019236D /* PBXContainerItemProxy */ = {
			isa = PBXContainerItemProxy;
			containerPortal = DC0ADF501B316E340019236D /* Project object */;
			proxyType = 1;
			remoteGlobalIDString = DC0ADF571B316E340019236D;
			remoteInfo = DigiwinSoft;
		};
/* End PBXContainerItemProxy section */

/* Begin PBXFileReference section */
		382998271B3982BE0045B3BD /* MIndustryRaiders2ViewController.h */ = {isa = PBXFileReference; fileEncoding = 4; lastKnownFileType = sourcecode.c.h; path = MIndustryRaiders2ViewController.h; sourceTree = "<group>"; };
		382998281B3982BE0045B3BD /* MIndustryRaiders2ViewController.m */ = {isa = PBXFileReference; fileEncoding = 4; lastKnownFileType = sourcecode.c.objc; path = MIndustryRaiders2ViewController.m; sourceTree = "<group>"; };
		382998291B3982BE0045B3BD /* MInventoryTurnoverViewController.h */ = {isa = PBXFileReference; fileEncoding = 4; lastKnownFileType = sourcecode.c.h; path = MInventoryTurnoverViewController.h; sourceTree = "<group>"; };
		3829982A1B3982BE0045B3BD /* MInventoryTurnoverViewController.m */ = {isa = PBXFileReference; fileEncoding = 4; lastKnownFileType = sourcecode.c.objc; path = MInventoryTurnoverViewController.m; sourceTree = "<group>"; };
		3829982B1B3982BE0045B3BD /* MRaidersDescriptionViewController.h */ = {isa = PBXFileReference; fileEncoding = 4; lastKnownFileType = sourcecode.c.h; path = MRaidersDescriptionViewController.h; sourceTree = "<group>"; };
		3829982C1B3982BE0045B3BD /* MRaidersDescriptionViewController.m */ = {isa = PBXFileReference; fileEncoding = 4; lastKnownFileType = sourcecode.c.objc; path = MRaidersDescriptionViewController.m; sourceTree = "<group>"; };
		3829982D1B3982BE0045B3BD /* MRaidersDiagramViewController.h */ = {isa = PBXFileReference; fileEncoding = 4; lastKnownFileType = sourcecode.c.h; path = MRaidersDiagramViewController.h; sourceTree = "<group>"; };
		3829982E1B3982BE0045B3BD /* MRaidersDiagramViewController.m */ = {isa = PBXFileReference; fileEncoding = 4; lastKnownFileType = sourcecode.c.objc; path = MRaidersDiagramViewController.m; sourceTree = "<group>"; };
		382998331B3983060045B3BD /* MIndustryRaidersTableViewCell.h */ = {isa = PBXFileReference; fileEncoding = 4; lastKnownFileType = sourcecode.c.h; name = MIndustryRaidersTableViewCell.h; path = structure/MIndustryRaidersTableViewCell.h; sourceTree = "<group>"; };
		382998341B3983060045B3BD /* MIndustryRaidersTableViewCell.m */ = {isa = PBXFileReference; fileEncoding = 4; lastKnownFileType = sourcecode.c.objc; name = MIndustryRaidersTableViewCell.m; path = structure/MIndustryRaidersTableViewCell.m; sourceTree = "<group>"; };
		382998361B3AA1BF0045B3BD /* MRaidersDescriptionTableViewCell.h */ = {isa = PBXFileReference; fileEncoding = 4; lastKnownFileType = sourcecode.c.h; name = MRaidersDescriptionTableViewCell.h; path = structure/MRaidersDescriptionTableViewCell.h; sourceTree = "<group>"; };
		382998371B3AA1BF0045B3BD /* MRaidersDescriptionTableViewCell.m */ = {isa = PBXFileReference; fileEncoding = 4; lastKnownFileType = sourcecode.c.objc; name = MRaidersDescriptionTableViewCell.m; path = structure/MRaidersDescriptionTableViewCell.m; sourceTree = "<group>"; };
		3A03AA101B3B9B1900923ABB /* MEventSelectViewController.h */ = {isa = PBXFileReference; fileEncoding = 4; lastKnownFileType = sourcecode.c.h; path = MEventSelectViewController.h; sourceTree = "<group>"; };
		3A03AA111B3B9B1900923ABB /* MEventSelectViewController.m */ = {isa = PBXFileReference; fileEncoding = 4; lastKnownFileType = sourcecode.c.objc; path = MEventSelectViewController.m; sourceTree = "<group>"; };
		3A03AA141B3BD5CA00923ABB /* downArrow.png */ = {isa = PBXFileReference; lastKnownFileType = image.png; path = downArrow.png; sourceTree = "<group>"; };
		3A03AA151B3BD5CA00923ABB /* downArrow@2x.png */ = {isa = PBXFileReference; lastKnownFileType = image.png; path = "downArrow@2x.png"; sourceTree = "<group>"; };
		3A03AA161B3BD5CA00923ABB /* downArrow@3x.png */ = {isa = PBXFileReference; lastKnownFileType = image.png; path = "downArrow@3x.png"; sourceTree = "<group>"; };
		3A03AA171B3BD5CA00923ABB /* DownPicker.h */ = {isa = PBXFileReference; fileEncoding = 4; lastKnownFileType = sourcecode.c.h; path = DownPicker.h; sourceTree = "<group>"; };
		3A03AA181B3BD5CA00923ABB /* DownPicker.m */ = {isa = PBXFileReference; fileEncoding = 4; lastKnownFileType = sourcecode.c.objc; path = DownPicker.m; sourceTree = "<group>"; };
		3A03AA191B3BD5CA00923ABB /* UIDownPicker.h */ = {isa = PBXFileReference; fileEncoding = 4; lastKnownFileType = sourcecode.c.h; path = UIDownPicker.h; sourceTree = "<group>"; };
		3A03AA1A1B3BD5CA00923ABB /* UIDownPicker.m */ = {isa = PBXFileReference; fileEncoding = 4; lastKnownFileType = sourcecode.c.objc; path = UIDownPicker.m; sourceTree = "<group>"; };
		3A03AA211B3BFF0500923ABB /* MEventDetailViewController.h */ = {isa = PBXFileReference; fileEncoding = 4; lastKnownFileType = sourcecode.c.h; path = MEventDetailViewController.h; sourceTree = "<group>"; };
		3A03AA221B3BFF0500923ABB /* MEventDetailViewController.m */ = {isa = PBXFileReference; fileEncoding = 4; lastKnownFileType = sourcecode.c.objc; path = MEventDetailViewController.m; sourceTree = "<group>"; };
		3A03F95F1B3A4F26000F345B /* MKeyActivitiesViewController.h */ = {isa = PBXFileReference; fileEncoding = 4; lastKnownFileType = sourcecode.c.h; path = MKeyActivitiesViewController.h; sourceTree = "<group>"; };
		3A03F9601B3A4F26000F345B /* MKeyActivitiesViewController.m */ = {isa = PBXFileReference; fileEncoding = 4; lastKnownFileType = sourcecode.c.objc; path = MKeyActivitiesViewController.m; sourceTree = "<group>"; };
		3A03F9611B3A4F26000F345B /* MMyPlanViewController.h */ = {isa = PBXFileReference; fileEncoding = 4; lastKnownFileType = sourcecode.c.h; path = MMyPlanViewController.h; sourceTree = "<group>"; };
		3A03F9621B3A4F26000F345B /* MMyPlanViewController.m */ = {isa = PBXFileReference; fileEncoding = 4; lastKnownFileType = sourcecode.c.objc; path = MMyPlanViewController.m; sourceTree = "<group>"; };
		3A03F9631B3A4F26000F345B /* MMyRaidersViewController.h */ = {isa = PBXFileReference; fileEncoding = 4; lastKnownFileType = sourcecode.c.h; path = MMyRaidersViewController.h; sourceTree = "<group>"; };
		3A03F9641B3A4F26000F345B /* MMyRaidersViewController.m */ = {isa = PBXFileReference; fileEncoding = 4; lastKnownFileType = sourcecode.c.objc; path = MMyRaidersViewController.m; sourceTree = "<group>"; };
		3A03F96B1B3A5B3E000F345B /* MEventListViewController.h */ = {isa = PBXFileReference; fileEncoding = 4; lastKnownFileType = sourcecode.c.h; path = MEventListViewController.h; sourceTree = "<group>"; };
		3A03F96C1B3A5B3E000F345B /* MEventListViewController.m */ = {isa = PBXFileReference; fileEncoding = 4; lastKnownFileType = sourcecode.c.objc; path = MEventListViewController.m; sourceTree = "<group>"; };
		3A03F96E1B3A60A0000F345B /* QuartzCore.framework */ = {isa = PBXFileReference; lastKnownFileType = wrapper.framework; name = QuartzCore.framework; path = System/Library/Frameworks/QuartzCore.framework; sourceTree = SDKROOT; };
		3A03F9711B3A60DB000F345B /* HMSegmentedControl.h */ = {isa = PBXFileReference; fileEncoding = 4; lastKnownFileType = sourcecode.c.h; path = HMSegmentedControl.h; sourceTree = "<group>"; };
		3A03F9721B3A60DB000F345B /* HMSegmentedControl.m */ = {isa = PBXFileReference; fileEncoding = 4; lastKnownFileType = sourcecode.c.objc; path = HMSegmentedControl.m; sourceTree = "<group>"; };
		3A40D8C31B391DE000F2079F /* icon_setting.png */ = {isa = PBXFileReference; lastKnownFileType = image.png; path = icon_setting.png; sourceTree = "<group>"; };
		3A711B7B1B37B24E00E94211 /* icon_back.png */ = {isa = PBXFileReference; lastKnownFileType = image.png; path = icon_back.png; sourceTree = "<group>"; };
		3A711B821B3800C100E94211 /* NSMutableArray+SWUtilityButtons.h */ = {isa = PBXFileReference; fileEncoding = 4; lastKnownFileType = sourcecode.c.h; path = "NSMutableArray+SWUtilityButtons.h"; sourceTree = "<group>"; };
		3A711B831B3800C100E94211 /* NSMutableArray+SWUtilityButtons.m */ = {isa = PBXFileReference; fileEncoding = 4; lastKnownFileType = sourcecode.c.objc; path = "NSMutableArray+SWUtilityButtons.m"; sourceTree = "<group>"; };
		3A711B841B3800C100E94211 /* SWCellScrollView.h */ = {isa = PBXFileReference; fileEncoding = 4; lastKnownFileType = sourcecode.c.h; path = SWCellScrollView.h; sourceTree = "<group>"; };
		3A711B851B3800C100E94211 /* SWCellScrollView.m */ = {isa = PBXFileReference; fileEncoding = 4; lastKnownFileType = sourcecode.c.objc; path = SWCellScrollView.m; sourceTree = "<group>"; };
		3A711B861B3800C100E94211 /* SWLongPressGestureRecognizer.h */ = {isa = PBXFileReference; fileEncoding = 4; lastKnownFileType = sourcecode.c.h; path = SWLongPressGestureRecognizer.h; sourceTree = "<group>"; };
		3A711B871B3800C100E94211 /* SWLongPressGestureRecognizer.m */ = {isa = PBXFileReference; fileEncoding = 4; lastKnownFileType = sourcecode.c.objc; path = SWLongPressGestureRecognizer.m; sourceTree = "<group>"; };
		3A711B881B3800C100E94211 /* SWTableViewCell.h */ = {isa = PBXFileReference; fileEncoding = 4; lastKnownFileType = sourcecode.c.h; path = SWTableViewCell.h; sourceTree = "<group>"; };
		3A711B891B3800C100E94211 /* SWTableViewCell.m */ = {isa = PBXFileReference; fileEncoding = 4; lastKnownFileType = sourcecode.c.objc; path = SWTableViewCell.m; sourceTree = "<group>"; };
		3A711B8A1B3800C100E94211 /* SWUtilityButtonTapGestureRecognizer.h */ = {isa = PBXFileReference; fileEncoding = 4; lastKnownFileType = sourcecode.c.h; path = SWUtilityButtonTapGestureRecognizer.h; sourceTree = "<group>"; };
		3A711B8B1B3800C100E94211 /* SWUtilityButtonTapGestureRecognizer.m */ = {isa = PBXFileReference; fileEncoding = 4; lastKnownFileType = sourcecode.c.objc; path = SWUtilityButtonTapGestureRecognizer.m; sourceTree = "<group>"; };
		3A711B8C1B3800C100E94211 /* SWUtilityButtonView.h */ = {isa = PBXFileReference; fileEncoding = 4; lastKnownFileType = sourcecode.c.h; path = SWUtilityButtonView.h; sourceTree = "<group>"; };
		3A711B8D1B3800C100E94211 /* SWUtilityButtonView.m */ = {isa = PBXFileReference; fileEncoding = 4; lastKnownFileType = sourcecode.c.objc; path = SWUtilityButtonView.m; sourceTree = "<group>"; };
		3AB4CE081B32822500143374 /* MIndustryRaidersViewController.h */ = {isa = PBXFileReference; fileEncoding = 4; lastKnownFileType = sourcecode.c.h; path = MIndustryRaidersViewController.h; sourceTree = "<group>"; };
		3AB4CE091B32822500143374 /* MIndustryRaidersViewController.m */ = {isa = PBXFileReference; fileEncoding = 4; lastKnownFileType = sourcecode.c.objc; path = MIndustryRaidersViewController.m; sourceTree = "<group>"; };
		3AB4CE0F1B32831500143374 /* MMonitorMapViewController.h */ = {isa = PBXFileReference; fileEncoding = 4; lastKnownFileType = sourcecode.c.h; path = MMonitorMapViewController.h; sourceTree = "<group>"; };
		3AB4CE101B32831500143374 /* MMonitorMapViewController.m */ = {isa = PBXFileReference; fileEncoding = 4; lastKnownFileType = sourcecode.c.objc; path = MMonitorMapViewController.m; sourceTree = "<group>"; };
		3AB4CE121B32839300143374 /* MSeeStatusViewController.h */ = {isa = PBXFileReference; fileEncoding = 4; lastKnownFileType = sourcecode.c.h; path = MSeeStatusViewController.h; sourceTree = "<group>"; };
		3AB4CE131B32839300143374 /* MSeeStatusViewController.m */ = {isa = PBXFileReference; fileEncoding = 4; lastKnownFileType = sourcecode.c.objc; path = MSeeStatusViewController.m; sourceTree = "<group>"; };
		3AB4CE151B32841100143374 /* MLookingForSolutionsViewController.h */ = {isa = PBXFileReference; fileEncoding = 4; lastKnownFileType = sourcecode.c.h; path = MLookingForSolutionsViewController.h; sourceTree = "<group>"; };
		3AB4CE161B32841100143374 /* MLookingForSolutionsViewController.m */ = {isa = PBXFileReference; fileEncoding = 4; lastKnownFileType = sourcecode.c.objc; path = MLookingForSolutionsViewController.m; sourceTree = "<group>"; };
		3AB4CE181B32848B00143374 /* MMyTaskViewController.h */ = {isa = PBXFileReference; fileEncoding = 4; lastKnownFileType = sourcecode.c.h; path = MMyTaskViewController.h; sourceTree = "<group>"; };
		3AB4CE191B32848B00143374 /* MMyTaskViewController.m */ = {isa = PBXFileReference; fileEncoding = 4; lastKnownFileType = sourcecode.c.objc; path = MMyTaskViewController.m; sourceTree = "<group>"; };
		3AB4CE201B32895C00143374 /* MMDrawerBarButtonItem.h */ = {isa = PBXFileReference; fileEncoding = 4; lastKnownFileType = sourcecode.c.h; path = MMDrawerBarButtonItem.h; sourceTree = "<group>"; };
		3AB4CE211B32895C00143374 /* MMDrawerBarButtonItem.m */ = {isa = PBXFileReference; fileEncoding = 4; lastKnownFileType = sourcecode.c.objc; path = MMDrawerBarButtonItem.m; sourceTree = "<group>"; };
		3AB4CE221B32895C00143374 /* MMDrawerController+Subclass.h */ = {isa = PBXFileReference; fileEncoding = 4; lastKnownFileType = sourcecode.c.h; path = "MMDrawerController+Subclass.h"; sourceTree = "<group>"; };
		3AB4CE231B32895C00143374 /* MMDrawerController.h */ = {isa = PBXFileReference; fileEncoding = 4; lastKnownFileType = sourcecode.c.h; path = MMDrawerController.h; sourceTree = "<group>"; };
		3AB4CE241B32895C00143374 /* MMDrawerController.m */ = {isa = PBXFileReference; fileEncoding = 4; lastKnownFileType = sourcecode.c.objc; path = MMDrawerController.m; sourceTree = "<group>"; };
		3AB4CE251B32895C00143374 /* MMDrawerVisualState.h */ = {isa = PBXFileReference; fileEncoding = 4; lastKnownFileType = sourcecode.c.h; path = MMDrawerVisualState.h; sourceTree = "<group>"; };
		3AB4CE261B32895C00143374 /* MMDrawerVisualState.m */ = {isa = PBXFileReference; fileEncoding = 4; lastKnownFileType = sourcecode.c.objc; path = MMDrawerVisualState.m; sourceTree = "<group>"; };
		3AB4CE271B32895C00143374 /* UIViewController+MMDrawerController.h */ = {isa = PBXFileReference; fileEncoding = 4; lastKnownFileType = sourcecode.c.h; path = "UIViewController+MMDrawerController.h"; sourceTree = "<group>"; };
		3AB4CE281B32895C00143374 /* UIViewController+MMDrawerController.m */ = {isa = PBXFileReference; fileEncoding = 4; lastKnownFileType = sourcecode.c.objc; path = "UIViewController+MMDrawerController.m"; sourceTree = "<group>"; };
		3AB4CE2D1B32997000143374 /* MTabBarViewController.h */ = {isa = PBXFileReference; fileEncoding = 4; lastKnownFileType = sourcecode.c.h; path = MTabBarViewController.h; sourceTree = "<group>"; };
		3AB4CE2E1B32997000143374 /* MTabBarViewController.m */ = {isa = PBXFileReference; fileEncoding = 4; lastKnownFileType = sourcecode.c.objc; path = MTabBarViewController.m; sourceTree = "<group>"; };
		3AB4CE311B32A12300143374 /* Button-Favorite-List-Normal.png */ = {isa = PBXFileReference; lastKnownFileType = image.png; path = "Button-Favorite-List-Normal.png"; sourceTree = "<group>"; };
		3AB4CE321B32A12300143374 /* Button-Favorite-List-Pressed.png */ = {isa = PBXFileReference; lastKnownFileType = image.png; path = "Button-Favorite-List-Pressed.png"; sourceTree = "<group>"; };
		3AB4CE371B32C0C800143374 /* ASFileManager.h */ = {isa = PBXFileReference; fileEncoding = 4; lastKnownFileType = sourcecode.c.h; path = ASFileManager.h; sourceTree = "<group>"; };
		3AB4CE381B32C0C800143374 /* ASFileManager.m */ = {isa = PBXFileReference; fileEncoding = 4; lastKnownFileType = sourcecode.c.objc; path = ASFileManager.m; sourceTree = "<group>"; };
		D06C2D251B37A5CD009D2082 /* MDataBaseManager.h */ = {isa = PBXFileReference; fileEncoding = 4; lastKnownFileType = sourcecode.c.h; path = MDataBaseManager.h; sourceTree = "<group>"; };
		D06C2D261B37A5CD009D2082 /* MDataBaseManager.m */ = {isa = PBXFileReference; fileEncoding = 4; lastKnownFileType = sourcecode.c.objc; path = MDataBaseManager.m; sourceTree = "<group>"; };
		D06C2D281B37AC88009D2082 /* libsqlite3.dylib */ = {isa = PBXFileReference; lastKnownFileType = "compiled.mach-o.dylib"; name = libsqlite3.dylib; path = usr/lib/libsqlite3.dylib; sourceTree = SDKROOT; };
		D06C2D2A1B37B58C009D2082 /* MDesignateResponsibleViewController.h */ = {isa = PBXFileReference; fileEncoding = 4; lastKnownFileType = sourcecode.c.h; path = MDesignateResponsibleViewController.h; sourceTree = "<group>"; };
		D06C2D2B1B37B58C009D2082 /* MDesignateResponsibleViewController.m */ = {isa = PBXFileReference; fileEncoding = 4; lastKnownFileType = sourcecode.c.objc; path = MDesignateResponsibleViewController.m; sourceTree = "<group>"; };
		D06C2D2E1B37EC27009D2082 /* button_search.png */ = {isa = PBXFileReference; lastKnownFileType = image.png; path = button_search.png; sourceTree = "<group>"; };
		D06C2D301B37EFB4009D2082 /* icon_down.png */ = {isa = PBXFileReference; lastKnownFileType = image.png; path = icon_down.png; sourceTree = "<group>"; };
		D06C2D321B37FAE9009D2082 /* check_box_off.png */ = {isa = PBXFileReference; lastKnownFileType = image.png; path = check_box_off.png; sourceTree = "<group>"; };
		D06C2D331B37FAE9009D2082 /* check_box_on.png */ = {isa = PBXFileReference; lastKnownFileType = image.png; path = check_box_on.png; sourceTree = "<group>"; };
		D06C2D371B381850009D2082 /* FMDatabase.h */ = {isa = PBXFileReference; fileEncoding = 4; lastKnownFileType = sourcecode.c.h; path = FMDatabase.h; sourceTree = "<group>"; };
		D06C2D381B381850009D2082 /* FMDatabase.m */ = {isa = PBXFileReference; fileEncoding = 4; lastKnownFileType = sourcecode.c.objc; path = FMDatabase.m; sourceTree = "<group>"; };
		D06C2D391B381850009D2082 /* FMDatabaseAdditions.h */ = {isa = PBXFileReference; fileEncoding = 4; lastKnownFileType = sourcecode.c.h; path = FMDatabaseAdditions.h; sourceTree = "<group>"; };
		D06C2D3A1B381850009D2082 /* FMDatabaseAdditions.m */ = {isa = PBXFileReference; fileEncoding = 4; lastKnownFileType = sourcecode.c.objc; path = FMDatabaseAdditions.m; sourceTree = "<group>"; };
		D06C2D3B1B381850009D2082 /* FMDatabasePool.h */ = {isa = PBXFileReference; fileEncoding = 4; lastKnownFileType = sourcecode.c.h; path = FMDatabasePool.h; sourceTree = "<group>"; };
		D06C2D3C1B381850009D2082 /* FMDatabasePool.m */ = {isa = PBXFileReference; fileEncoding = 4; lastKnownFileType = sourcecode.c.objc; path = FMDatabasePool.m; sourceTree = "<group>"; };
		D06C2D3D1B381850009D2082 /* FMDatabaseQueue.h */ = {isa = PBXFileReference; fileEncoding = 4; lastKnownFileType = sourcecode.c.h; path = FMDatabaseQueue.h; sourceTree = "<group>"; };
		D06C2D3E1B381850009D2082 /* FMDatabaseQueue.m */ = {isa = PBXFileReference; fileEncoding = 4; lastKnownFileType = sourcecode.c.objc; path = FMDatabaseQueue.m; sourceTree = "<group>"; };
		D06C2D3F1B381850009D2082 /* FMResultSet.h */ = {isa = PBXFileReference; fileEncoding = 4; lastKnownFileType = sourcecode.c.h; path = FMResultSet.h; sourceTree = "<group>"; };
		D06C2D401B381850009D2082 /* FMResultSet.m */ = {isa = PBXFileReference; fileEncoding = 4; lastKnownFileType = sourcecode.c.objc; path = FMResultSet.m; sourceTree = "<group>"; };
		D07B390D1B3A39A6007FCBC0 /* MLineChartView.h */ = {isa = PBXFileReference; fileEncoding = 4; lastKnownFileType = sourcecode.c.h; path = MLineChartView.h; sourceTree = "<group>"; };
		D07B390E1B3A39A6007FCBC0 /* MLineChartView.m */ = {isa = PBXFileReference; fileEncoding = 4; lastKnownFileType = sourcecode.c.objc; path = MLineChartView.m; sourceTree = "<group>"; };
		DC0ADF581B316E340019236D /* DigiwinSoft.app */ = {isa = PBXFileReference; explicitFileType = wrapper.application; includeInIndex = 0; path = DigiwinSoft.app; sourceTree = BUILT_PRODUCTS_DIR; };
		DC0ADF5C1B316E340019236D /* Info.plist */ = {isa = PBXFileReference; lastKnownFileType = text.plist.xml; path = Info.plist; sourceTree = "<group>"; };
		DC0ADF5D1B316E340019236D /* main.m */ = {isa = PBXFileReference; lastKnownFileType = sourcecode.c.objc; path = main.m; sourceTree = "<group>"; };
		DC0ADF5F1B316E340019236D /* AppDelegate.h */ = {isa = PBXFileReference; lastKnownFileType = sourcecode.c.h; path = AppDelegate.h; sourceTree = "<group>"; };
		DC0ADF601B316E340019236D /* AppDelegate.m */ = {isa = PBXFileReference; lastKnownFileType = sourcecode.c.objc; path = AppDelegate.m; sourceTree = "<group>"; };
		DC0ADF621B316E340019236D /* MSettingViewController.h */ = {isa = PBXFileReference; lastKnownFileType = sourcecode.c.h; path = MSettingViewController.h; sourceTree = "<group>"; };
		DC0ADF631B316E340019236D /* MSettingViewController.m */ = {isa = PBXFileReference; lastKnownFileType = sourcecode.c.objc; path = MSettingViewController.m; sourceTree = "<group>"; };
		DC0ADF661B316E340019236D /* Base */ = {isa = PBXFileReference; lastKnownFileType = file.storyboard; name = Base; path = Base.lproj/Main.storyboard; sourceTree = "<group>"; };
		DC0ADF681B316E340019236D /* Images.xcassets */ = {isa = PBXFileReference; lastKnownFileType = folder.assetcatalog; path = Images.xcassets; sourceTree = "<group>"; };
		DC0ADF6B1B316E340019236D /* Base */ = {isa = PBXFileReference; lastKnownFileType = file.xib; name = Base; path = Base.lproj/LaunchScreen.xib; sourceTree = "<group>"; };
		DC0ADF711B316E340019236D /* DigiwinSoftTests.xctest */ = {isa = PBXFileReference; explicitFileType = wrapper.cfbundle; includeInIndex = 0; path = DigiwinSoftTests.xctest; sourceTree = BUILT_PRODUCTS_DIR; };
		DC0ADF761B316E340019236D /* Info.plist */ = {isa = PBXFileReference; lastKnownFileType = text.plist.xml; path = Info.plist; sourceTree = "<group>"; };
		DC0ADF771B316E340019236D /* DigiwinSoftTests.m */ = {isa = PBXFileReference; lastKnownFileType = sourcecode.c.objc; path = DigiwinSoftTests.m; sourceTree = "<group>"; };
		DC1014491B32985600EF7A6F /* MUser.h */ = {isa = PBXFileReference; fileEncoding = 4; lastKnownFileType = sourcecode.c.h; name = MUser.h; path = structure/MUser.h; sourceTree = "<group>"; };
		DC10144A1B32985600EF7A6F /* MUser.m */ = {isa = PBXFileReference; fileEncoding = 4; lastKnownFileType = sourcecode.c.objc; name = MUser.m; path = structure/MUser.m; sourceTree = "<group>"; };
		DC10144C1B32B66200EF7A6F /* MGuide.h */ = {isa = PBXFileReference; fileEncoding = 4; lastKnownFileType = sourcecode.c.h; name = MGuide.h; path = structure/MGuide.h; sourceTree = "<group>"; };
		DC10144D1B32B66200EF7A6F /* MGuide.m */ = {isa = PBXFileReference; fileEncoding = 4; lastKnownFileType = sourcecode.c.objc; name = MGuide.m; path = structure/MGuide.m; sourceTree = "<group>"; };
		DC10144F1B32B67F00EF7A6F /* MActivity.h */ = {isa = PBXFileReference; fileEncoding = 4; lastKnownFileType = sourcecode.c.h; name = MActivity.h; path = structure/MActivity.h; sourceTree = "<group>"; };
		DC1014501B32B67F00EF7A6F /* MActivity.m */ = {isa = PBXFileReference; fileEncoding = 4; lastKnownFileType = sourcecode.c.objc; name = MActivity.m; path = structure/MActivity.m; sourceTree = "<group>"; };
		DC1014521B32B69F00EF7A6F /* MWorkItem.h */ = {isa = PBXFileReference; fileEncoding = 4; lastKnownFileType = sourcecode.c.h; name = MWorkItem.h; path = structure/MWorkItem.h; sourceTree = "<group>"; };
		DC1014531B32B69F00EF7A6F /* MWorkItem.m */ = {isa = PBXFileReference; fileEncoding = 4; lastKnownFileType = sourcecode.c.objc; name = MWorkItem.m; path = structure/MWorkItem.m; sourceTree = "<group>"; };
/* End PBXFileReference section */

/* Begin PBXFrameworksBuildPhase section */
		DC0ADF551B316E340019236D /* Frameworks */ = {
			isa = PBXFrameworksBuildPhase;
			buildActionMask = 2147483647;
			files = (
				3A03F96F1B3A60A0000F345B /* QuartzCore.framework in Frameworks */,
				D06C2D291B37AC88009D2082 /* libsqlite3.dylib in Frameworks */,
			);
			runOnlyForDeploymentPostprocessing = 0;
		};
		DC0ADF6E1B316E340019236D /* Frameworks */ = {
			isa = PBXFrameworksBuildPhase;
			buildActionMask = 2147483647;
			files = (
			);
			runOnlyForDeploymentPostprocessing = 0;
		};
/* End PBXFrameworksBuildPhase section */

/* Begin PBXGroup section */
		3A03AA131B3BD5CA00923ABB /* DownPicker */ = {
			isa = PBXGroup;
			children = (
				3A03AA141B3BD5CA00923ABB /* downArrow.png */,
				3A03AA151B3BD5CA00923ABB /* downArrow@2x.png */,
				3A03AA161B3BD5CA00923ABB /* downArrow@3x.png */,
				3A03AA171B3BD5CA00923ABB /* DownPicker.h */,
				3A03AA181B3BD5CA00923ABB /* DownPicker.m */,
				3A03AA191B3BD5CA00923ABB /* UIDownPicker.h */,
				3A03AA1A1B3BD5CA00923ABB /* UIDownPicker.m */,
			);
			path = DownPicker;
			sourceTree = "<group>";
		};
		3A03F95E1B3A4F26000F345B /* Settings */ = {
			isa = PBXGroup;
			children = (
				3A03F9631B3A4F26000F345B /* MMyRaidersViewController.h */,
				3A03F9641B3A4F26000F345B /* MMyRaidersViewController.m */,
				3A03F9611B3A4F26000F345B /* MMyPlanViewController.h */,
				3A03F9621B3A4F26000F345B /* MMyPlanViewController.m */,
				3A03F95F1B3A4F26000F345B /* MKeyActivitiesViewController.h */,
				3A03F9601B3A4F26000F345B /* MKeyActivitiesViewController.m */,
				3A03F96B1B3A5B3E000F345B /* MEventListViewController.h */,
				3A03F96C1B3A5B3E000F345B /* MEventListViewController.m */,
				3A03AA101B3B9B1900923ABB /* MEventSelectViewController.h */,
				3A03AA111B3B9B1900923ABB /* MEventSelectViewController.m */,
				3A03AA211B3BFF0500923ABB /* MEventDetailViewController.h */,
				3A03AA221B3BFF0500923ABB /* MEventDetailViewController.m */,
			);
			path = Settings;
			sourceTree = "<group>";
		};
		3A03F9701B3A60DB000F345B /* HMSegmentedControl */ = {
			isa = PBXGroup;
			children = (
				3A03F9711B3A60DB000F345B /* HMSegmentedControl.h */,
				3A03F9721B3A60DB000F345B /* HMSegmentedControl.m */,
			);
			path = HMSegmentedControl;
			sourceTree = "<group>";
		};
		3A711B811B3800C100E94211 /* SWTableViewCell */ = {
			isa = PBXGroup;
			children = (
				3A711B821B3800C100E94211 /* NSMutableArray+SWUtilityButtons.h */,
				3A711B831B3800C100E94211 /* NSMutableArray+SWUtilityButtons.m */,
				3A711B841B3800C100E94211 /* SWCellScrollView.h */,
				3A711B851B3800C100E94211 /* SWCellScrollView.m */,
				3A711B861B3800C100E94211 /* SWLongPressGestureRecognizer.h */,
				3A711B871B3800C100E94211 /* SWLongPressGestureRecognizer.m */,
				3A711B881B3800C100E94211 /* SWTableViewCell.h */,
				3A711B891B3800C100E94211 /* SWTableViewCell.m */,
				3A711B8A1B3800C100E94211 /* SWUtilityButtonTapGestureRecognizer.h */,
				3A711B8B1B3800C100E94211 /* SWUtilityButtonTapGestureRecognizer.m */,
				3A711B8C1B3800C100E94211 /* SWUtilityButtonView.h */,
				3A711B8D1B3800C100E94211 /* SWUtilityButtonView.m */,
			);
			path = SWTableViewCell;
			sourceTree = "<group>";
		};
		3AB4CE041B3264B500143374 /* 行業攻略 */ = {
			isa = PBXGroup;
			children = (
				382998291B3982BE0045B3BD /* MInventoryTurnoverViewController.h */,
				3829982A1B3982BE0045B3BD /* MInventoryTurnoverViewController.m */,
				382998271B3982BE0045B3BD /* MIndustryRaiders2ViewController.h */,
				382998281B3982BE0045B3BD /* MIndustryRaiders2ViewController.m */,
				3829982B1B3982BE0045B3BD /* MRaidersDescriptionViewController.h */,
				3829982C1B3982BE0045B3BD /* MRaidersDescriptionViewController.m */,
				3829982D1B3982BE0045B3BD /* MRaidersDiagramViewController.h */,
				3829982E1B3982BE0045B3BD /* MRaidersDiagramViewController.m */,
				3AB4CE081B32822500143374 /* MIndustryRaidersViewController.h */,
				3AB4CE091B32822500143374 /* MIndustryRaidersViewController.m */,
				D06C2D2A1B37B58C009D2082 /* MDesignateResponsibleViewController.h */,
				D06C2D2B1B37B58C009D2082 /* MDesignateResponsibleViewController.m */,
			);
			path = "行業攻略";
			sourceTree = "<group>";
		};
		3AB4CE0B1B3282ED00143374 /* 我的任務 */ = {
			isa = PBXGroup;
			children = (
				3AB4CE181B32848B00143374 /* MMyTaskViewController.h */,
				3AB4CE191B32848B00143374 /* MMyTaskViewController.m */,
			);
			path = "我的任務";
			sourceTree = "<group>";
		};
		3AB4CE0C1B3282ED00143374 /* 找對策 */ = {
			isa = PBXGroup;
			children = (
				3AB4CE151B32841100143374 /* MLookingForSolutionsViewController.h */,
				3AB4CE161B32841100143374 /* MLookingForSolutionsViewController.m */,
			);
			path = "找對策";
			sourceTree = "<group>";
		};
		3AB4CE0D1B3282ED00143374 /* 看現況 */ = {
			isa = PBXGroup;
			children = (
				3AB4CE121B32839300143374 /* MSeeStatusViewController.h */,
				3AB4CE131B32839300143374 /* MSeeStatusViewController.m */,
			);
			path = "看現況";
			sourceTree = "<group>";
		};
		3AB4CE0E1B3282ED00143374 /* 監控地圖 */ = {
			isa = PBXGroup;
			children = (
				3AB4CE0F1B32831500143374 /* MMonitorMapViewController.h */,
				3AB4CE101B32831500143374 /* MMonitorMapViewController.m */,
			);
			path = "監控地圖";
			sourceTree = "<group>";
		};
		3AB4CE1E1B32895C00143374 /* external */ = {
			isa = PBXGroup;
			children = (
				3A03AA131B3BD5CA00923ABB /* DownPicker */,
				3A03F9701B3A60DB000F345B /* HMSegmentedControl */,
				3A711B811B3800C100E94211 /* SWTableViewCell */,
				D06C2D361B381850009D2082 /* FMDatabase */,
				3AB4CE1F1B32895C00143374 /* MMDrawerController */,
			);
			path = external;
			sourceTree = "<group>";
		};
		3AB4CE1F1B32895C00143374 /* MMDrawerController */ = {
			isa = PBXGroup;
			children = (
				3AB4CE201B32895C00143374 /* MMDrawerBarButtonItem.h */,
				3AB4CE211B32895C00143374 /* MMDrawerBarButtonItem.m */,
				3AB4CE221B32895C00143374 /* MMDrawerController+Subclass.h */,
				3AB4CE231B32895C00143374 /* MMDrawerController.h */,
				3AB4CE241B32895C00143374 /* MMDrawerController.m */,
				3AB4CE251B32895C00143374 /* MMDrawerVisualState.h */,
				3AB4CE261B32895C00143374 /* MMDrawerVisualState.m */,
				3AB4CE271B32895C00143374 /* UIViewController+MMDrawerController.h */,
				3AB4CE281B32895C00143374 /* UIViewController+MMDrawerController.m */,
			);
			path = MMDrawerController;
			sourceTree = "<group>";
		};
		3AB4CE301B32A12300143374 /* images */ = {
			isa = PBXGroup;
			children = (
				3A40D8C31B391DE000F2079F /* icon_setting.png */,
				3A711B7B1B37B24E00E94211 /* icon_back.png */,
				D06C2D321B37FAE9009D2082 /* check_box_off.png */,
				D06C2D331B37FAE9009D2082 /* check_box_on.png */,
				D06C2D301B37EFB4009D2082 /* icon_down.png */,
				D06C2D2E1B37EC27009D2082 /* button_search.png */,
				3AB4CE311B32A12300143374 /* Button-Favorite-List-Normal.png */,
				3AB4CE321B32A12300143374 /* Button-Favorite-List-Pressed.png */,
			);
			path = images;
			sourceTree = "<group>";
		};
		3AB4CE361B32C0AF00143374 /* utilities */ = {
			isa = PBXGroup;
			children = (
				3AB4CE371B32C0C800143374 /* ASFileManager.h */,
				3AB4CE381B32C0C800143374 /* ASFileManager.m */,
			);
			path = utilities;
			sourceTree = "<group>";
		};
		D06C2CCC1B379CB3009D2082 /* dataBase */ = {
			isa = PBXGroup;
			children = (
				D06C2D251B37A5CD009D2082 /* MDataBaseManager.h */,
				D06C2D261B37A5CD009D2082 /* MDataBaseManager.m */,
			);
			path = dataBase;
			sourceTree = "<group>";
		};
		D06C2D361B381850009D2082 /* FMDatabase */ = {
			isa = PBXGroup;
			children = (
				D06C2D371B381850009D2082 /* FMDatabase.h */,
				D06C2D381B381850009D2082 /* FMDatabase.m */,
				D06C2D391B381850009D2082 /* FMDatabaseAdditions.h */,
				D06C2D3A1B381850009D2082 /* FMDatabaseAdditions.m */,
				D06C2D3B1B381850009D2082 /* FMDatabasePool.h */,
				D06C2D3C1B381850009D2082 /* FMDatabasePool.m */,
				D06C2D3D1B381850009D2082 /* FMDatabaseQueue.h */,
				D06C2D3E1B381850009D2082 /* FMDatabaseQueue.m */,
				D06C2D3F1B381850009D2082 /* FMResultSet.h */,
				D06C2D401B381850009D2082 /* FMResultSet.m */,
			);
			path = FMDatabase;
			sourceTree = "<group>";
		};
		D07B390C1B3A398C007FCBC0 /* Quartz2DView */ = {
			isa = PBXGroup;
			children = (
				D07B390D1B3A39A6007FCBC0 /* MLineChartView.h */,
				D07B390E1B3A39A6007FCBC0 /* MLineChartView.m */,
			);
			path = Quartz2DView;
			sourceTree = "<group>";
		};
		DC0ADF4F1B316E340019236D = {
			isa = PBXGroup;
			children = (
				3A03F96E1B3A60A0000F345B /* QuartzCore.framework */,
				D06C2D281B37AC88009D2082 /* libsqlite3.dylib */,
				DC0ADF5A1B316E340019236D /* DigiwinSoft */,
				DC0ADF741B316E340019236D /* DigiwinSoftTests */,
				DC0ADF591B316E340019236D /* Products */,
			);
			sourceTree = "<group>";
		};
		DC0ADF591B316E340019236D /* Products */ = {
			isa = PBXGroup;
			children = (
				DC0ADF581B316E340019236D /* DigiwinSoft.app */,
				DC0ADF711B316E340019236D /* DigiwinSoftTests.xctest */,
			);
			name = Products;
			sourceTree = "<group>";
		};
		DC0ADF5A1B316E340019236D /* DigiwinSoft */ = {
			isa = PBXGroup;
			children = (
				3A03F95E1B3A4F26000F345B /* Settings */,
				D07B390C1B3A398C007FCBC0 /* Quartz2DView */,
				D06C2CCC1B379CB3009D2082 /* dataBase */,
				3AB4CE0B1B3282ED00143374 /* 我的任務 */,
				3AB4CE0C1B3282ED00143374 /* 找對策 */,
				3AB4CE0D1B3282ED00143374 /* 看現況 */,
				3AB4CE0E1B3282ED00143374 /* 監控地圖 */,
				3AB4CE041B3264B500143374 /* 行業攻略 */,
				3AB4CE361B32C0AF00143374 /* utilities */,
				DC1014481B3287D000EF7A6F /* structure */,
				DC0ADF5F1B316E340019236D /* AppDelegate.h */,
				DC0ADF601B316E340019236D /* AppDelegate.m */,
				3AB4CE2D1B32997000143374 /* MTabBarViewController.h */,
				3AB4CE2E1B32997000143374 /* MTabBarViewController.m */,
				DC0ADF621B316E340019236D /* MSettingViewController.h */,
				DC0ADF631B316E340019236D /* MSettingViewController.m */,
				DC0ADF651B316E340019236D /* Main.storyboard */,
				DC0ADF681B316E340019236D /* Images.xcassets */,
				DC0ADF6A1B316E340019236D /* LaunchScreen.xib */,
				3AB4CE1E1B32895C00143374 /* external */,
				DC0ADF5B1B316E340019236D /* Supporting Files */,
			);
			path = DigiwinSoft;
			sourceTree = "<group>";
		};
		DC0ADF5B1B316E340019236D /* Supporting Files */ = {
			isa = PBXGroup;
			children = (
				3AB4CE301B32A12300143374 /* images */,
				DC0ADF5C1B316E340019236D /* Info.plist */,
				DC0ADF5D1B316E340019236D /* main.m */,
			);
			name = "Supporting Files";
			sourceTree = "<group>";
		};
		DC0ADF741B316E340019236D /* DigiwinSoftTests */ = {
			isa = PBXGroup;
			children = (
				DC0ADF771B316E340019236D /* DigiwinSoftTests.m */,
				DC0ADF751B316E340019236D /* Supporting Files */,
			);
			path = DigiwinSoftTests;
			sourceTree = "<group>";
		};
		DC0ADF751B316E340019236D /* Supporting Files */ = {
			isa = PBXGroup;
			children = (
				DC0ADF761B316E340019236D /* Info.plist */,
			);
			name = "Supporting Files";
			sourceTree = "<group>";
		};
		DC1014481B3287D000EF7A6F /* structure */ = {
			isa = PBXGroup;
			children = (
				382998331B3983060045B3BD /* MIndustryRaidersTableViewCell.h */,
				382998341B3983060045B3BD /* MIndustryRaidersTableViewCell.m */,
				382998361B3AA1BF0045B3BD /* MRaidersDescriptionTableViewCell.h */,
				382998371B3AA1BF0045B3BD /* MRaidersDescriptionTableViewCell.m */,
				DC1014491B32985600EF7A6F /* MUser.h */,
				DC10144A1B32985600EF7A6F /* MUser.m */,
				DC10144C1B32B66200EF7A6F /* MGuide.h */,
				DC10144D1B32B66200EF7A6F /* MGuide.m */,
				DC10144F1B32B67F00EF7A6F /* MActivity.h */,
				DC1014501B32B67F00EF7A6F /* MActivity.m */,
				DC1014521B32B69F00EF7A6F /* MWorkItem.h */,
				DC1014531B32B69F00EF7A6F /* MWorkItem.m */,
			);
			name = structure;
			sourceTree = "<group>";
		};
/* End PBXGroup section */

/* Begin PBXNativeTarget section */
		DC0ADF571B316E340019236D /* DigiwinSoft */ = {
			isa = PBXNativeTarget;
			buildConfigurationList = DC0ADF7B1B316E340019236D /* Build configuration list for PBXNativeTarget "DigiwinSoft" */;
			buildPhases = (
				DC0ADF541B316E340019236D /* Sources */,
				DC0ADF551B316E340019236D /* Frameworks */,
				DC0ADF561B316E340019236D /* Resources */,
			);
			buildRules = (
			);
			dependencies = (
			);
			name = DigiwinSoft;
			productName = DigiwinSoft;
			productReference = DC0ADF581B316E340019236D /* DigiwinSoft.app */;
			productType = "com.apple.product-type.application";
		};
		DC0ADF701B316E340019236D /* DigiwinSoftTests */ = {
			isa = PBXNativeTarget;
			buildConfigurationList = DC0ADF7E1B316E340019236D /* Build configuration list for PBXNativeTarget "DigiwinSoftTests" */;
			buildPhases = (
				DC0ADF6D1B316E340019236D /* Sources */,
				DC0ADF6E1B316E340019236D /* Frameworks */,
				DC0ADF6F1B316E340019236D /* Resources */,
			);
			buildRules = (
			);
			dependencies = (
				DC0ADF731B316E340019236D /* PBXTargetDependency */,
			);
			name = DigiwinSoftTests;
			productName = DigiwinSoftTests;
			productReference = DC0ADF711B316E340019236D /* DigiwinSoftTests.xctest */;
			productType = "com.apple.product-type.bundle.unit-test";
		};
/* End PBXNativeTarget section */

/* Begin PBXProject section */
		DC0ADF501B316E340019236D /* Project object */ = {
			isa = PBXProject;
			attributes = {
				LastUpgradeCheck = 0630;
				ORGANIZATIONNAME = Jyun;
				TargetAttributes = {
					DC0ADF571B316E340019236D = {
						CreatedOnToolsVersion = 6.3.2;
					};
					DC0ADF701B316E340019236D = {
						CreatedOnToolsVersion = 6.3.2;
						TestTargetID = DC0ADF571B316E340019236D;
					};
				};
			};
			buildConfigurationList = DC0ADF531B316E340019236D /* Build configuration list for PBXProject "DigiwinSoft" */;
			compatibilityVersion = "Xcode 3.2";
			developmentRegion = English;
			hasScannedForEncodings = 0;
			knownRegions = (
				en,
				Base,
			);
			mainGroup = DC0ADF4F1B316E340019236D;
			productRefGroup = DC0ADF591B316E340019236D /* Products */;
			projectDirPath = "";
			projectRoot = "";
			targets = (
				DC0ADF571B316E340019236D /* DigiwinSoft */,
				DC0ADF701B316E340019236D /* DigiwinSoftTests */,
			);
		};
/* End PBXProject section */

/* Begin PBXResourcesBuildPhase section */
		DC0ADF561B316E340019236D /* Resources */ = {
			isa = PBXResourcesBuildPhase;
			buildActionMask = 2147483647;
			files = (
				DC0ADF671B316E340019236D /* Main.storyboard in Resources */,
				D06C2D351B37FAE9009D2082 /* check_box_on.png in Resources */,
				3A40D8C41B391DE000F2079F /* icon_setting.png in Resources */,
				3A03AA1B1B3BD5CA00923ABB /* downArrow.png in Resources */,
				D06C2D2F1B37EC27009D2082 /* button_search.png in Resources */,
				D06C2D311B37EFB4009D2082 /* icon_down.png in Resources */,
				DC0ADF6C1B316E340019236D /* LaunchScreen.xib in Resources */,
				3A711B7C1B37B24E00E94211 /* icon_back.png in Resources */,
				D06C2D341B37FAE9009D2082 /* check_box_off.png in Resources */,
				3A03AA1C1B3BD5CA00923ABB /* downArrow@2x.png in Resources */,
				3AB4CE331B32A12300143374 /* Button-Favorite-List-Normal.png in Resources */,
				3A03AA1D1B3BD5CA00923ABB /* downArrow@3x.png in Resources */,
				3AB4CE341B32A12300143374 /* Button-Favorite-List-Pressed.png in Resources */,
				DC0ADF691B316E340019236D /* Images.xcassets in Resources */,
			);
			runOnlyForDeploymentPostprocessing = 0;
		};
		DC0ADF6F1B316E340019236D /* Resources */ = {
			isa = PBXResourcesBuildPhase;
			buildActionMask = 2147483647;
			files = (
			);
			runOnlyForDeploymentPostprocessing = 0;
		};
/* End PBXResourcesBuildPhase section */

/* Begin PBXSourcesBuildPhase section */
		DC0ADF541B316E340019236D /* Sources */ = {
			isa = PBXSourcesBuildPhase;
			buildActionMask = 2147483647;
			files = (
				D06C2D271B37A5CD009D2082 /* MDataBaseManager.m in Sources */,
				3A03AA121B3B9B1900923ABB /* MEventSelectViewController.m in Sources */,
				3A03F9731B3A60DB000F345B /* HMSegmentedControl.m in Sources */,
				DC1014511B32B67F00EF7A6F /* MActivity.m in Sources */,
				DC1014541B32B69F00EF7A6F /* MWorkItem.m in Sources */,
				D06C2D431B381850009D2082 /* FMDatabasePool.m in Sources */,
				D06C2D411B381850009D2082 /* FMDatabase.m in Sources */,
				DC10144E1B32B66200EF7A6F /* MGuide.m in Sources */,
				3AB4CE2B1B32895C00143374 /* MMDrawerVisualState.m in Sources */,
				3A711B8F1B3800C100E94211 /* SWCellScrollView.m in Sources */,
				3A711B901B3800C100E94211 /* SWLongPressGestureRecognizer.m in Sources */,
				3AB4CE171B32841100143374 /* MLookingForSolutionsViewController.m in Sources */,
				D06C2D421B381850009D2082 /* FMDatabaseAdditions.m in Sources */,
				3AB4CE141B32839300143374 /* MSeeStatusViewController.m in Sources */,
				DC0ADF641B316E340019236D /* MSettingViewController.m in Sources */,
				382998381B3AA1BF0045B3BD /* MRaidersDescriptionTableViewCell.m in Sources */,
				382998351B3983060045B3BD /* MIndustryRaidersTableViewCell.m in Sources */,
				3A711B921B3800C100E94211 /* SWUtilityButtonTapGestureRecognizer.m in Sources */,
				D06C2D2C1B37B58C009D2082 /* MDesignateResponsibleViewController.m in Sources */,
				382998311B3982BE0045B3BD /* MRaidersDescriptionViewController.m in Sources */,
				3AB4CE2A1B32895C00143374 /* MMDrawerController.m in Sources */,
				3A03F96D1B3A5B3E000F345B /* MEventListViewController.m in Sources */,
				3AB4CE111B32831500143374 /* MMonitorMapViewController.m in Sources */,
				3A711B8E1B3800C100E94211 /* NSMutableArray+SWUtilityButtons.m in Sources */,
				3A03AA1E1B3BD5CA00923ABB /* DownPicker.m in Sources */,
				3A711B911B3800C100E94211 /* SWTableViewCell.m in Sources */,
				3AB4CE0A1B32822500143374 /* MIndustryRaidersViewController.m in Sources */,
				3A03AA231B3BFF0500923ABB /* MEventDetailViewController.m in Sources */,
				DC0ADF611B316E340019236D /* AppDelegate.m in Sources */,
				DC10144B1B32985600EF7A6F /* MUser.m in Sources */,
				382998301B3982BE0045B3BD /* MInventoryTurnoverViewController.m in Sources */,
				3A03F9671B3A4F26000F345B /* MMyRaidersViewController.m in Sources */,
				D06C2D441B381850009D2082 /* FMDatabaseQueue.m in Sources */,
				DC0ADF5E1B316E340019236D /* main.m in Sources */,
				3A711B931B3800C100E94211 /* SWUtilityButtonView.m in Sources */,
				D07B390F1B3A39A6007FCBC0 /* MLineChartView.m in Sources */,
				D06C2D451B381850009D2082 /* FMResultSet.m in Sources */,
				3AB4CE391B32C0C800143374 /* ASFileManager.m in Sources */,
				3AB4CE2C1B32895C00143374 /* UIViewController+MMDrawerController.m in Sources */,
				382998321B3982BE0045B3BD /* MRaidersDiagramViewController.m in Sources */,
				3A03AA1F1B3BD5CA00923ABB /* UIDownPicker.m in Sources */,
				3A03F9651B3A4F26000F345B /* MKeyActivitiesViewController.m in Sources */,
				3AB4CE2F1B32997000143374 /* MTabBarViewController.m in Sources */,
				3A03F9661B3A4F26000F345B /* MMyPlanViewController.m in Sources */,
				3829982F1B3982BE0045B3BD /* MIndustryRaiders2ViewController.m in Sources */,
				3AB4CE291B32895C00143374 /* MMDrawerBarButtonItem.m in Sources */,
				3AB4CE1A1B32848B00143374 /* MMyTaskViewController.m in Sources */,
			);
			runOnlyForDeploymentPostprocessing = 0;
		};
		DC0ADF6D1B316E340019236D /* Sources */ = {
			isa = PBXSourcesBuildPhase;
			buildActionMask = 2147483647;
			files = (
				DC0ADF781B316E340019236D /* DigiwinSoftTests.m in Sources */,
			);
			runOnlyForDeploymentPostprocessing = 0;
		};
/* End PBXSourcesBuildPhase section */

/* Begin PBXTargetDependency section */
		DC0ADF731B316E340019236D /* PBXTargetDependency */ = {
			isa = PBXTargetDependency;
			target = DC0ADF571B316E340019236D /* DigiwinSoft */;
			targetProxy = DC0ADF721B316E340019236D /* PBXContainerItemProxy */;
		};
/* End PBXTargetDependency section */

/* Begin PBXVariantGroup section */
		DC0ADF651B316E340019236D /* Main.storyboard */ = {
			isa = PBXVariantGroup;
			children = (
				DC0ADF661B316E340019236D /* Base */,
			);
			name = Main.storyboard;
			sourceTree = "<group>";
		};
		DC0ADF6A1B316E340019236D /* LaunchScreen.xib */ = {
			isa = PBXVariantGroup;
			children = (
				DC0ADF6B1B316E340019236D /* Base */,
			);
			name = LaunchScreen.xib;
			sourceTree = "<group>";
		};
/* End PBXVariantGroup section */

/* Begin XCBuildConfiguration section */
		DC0ADF791B316E340019236D /* Debug */ = {
			isa = XCBuildConfiguration;
			buildSettings = {
				ALWAYS_SEARCH_USER_PATHS = NO;
				CLANG_CXX_LANGUAGE_STANDARD = "gnu++0x";
				CLANG_CXX_LIBRARY = "libc++";
				CLANG_ENABLE_MODULES = YES;
				CLANG_ENABLE_OBJC_ARC = YES;
				CLANG_WARN_BOOL_CONVERSION = YES;
				CLANG_WARN_CONSTANT_CONVERSION = YES;
				CLANG_WARN_DIRECT_OBJC_ISA_USAGE = YES_ERROR;
				CLANG_WARN_EMPTY_BODY = YES;
				CLANG_WARN_ENUM_CONVERSION = YES;
				CLANG_WARN_INT_CONVERSION = YES;
				CLANG_WARN_OBJC_ROOT_CLASS = YES_ERROR;
				CLANG_WARN_UNREACHABLE_CODE = YES;
				CLANG_WARN__DUPLICATE_METHOD_MATCH = YES;
				"CODE_SIGN_IDENTITY[sdk=iphoneos*]" = "iPhone Developer";
				COPY_PHASE_STRIP = NO;
				DEBUG_INFORMATION_FORMAT = "dwarf-with-dsym";
				ENABLE_STRICT_OBJC_MSGSEND = YES;
				GCC_C_LANGUAGE_STANDARD = gnu99;
				GCC_DYNAMIC_NO_PIC = NO;
				GCC_NO_COMMON_BLOCKS = YES;
				GCC_OPTIMIZATION_LEVEL = 0;
				GCC_PREPROCESSOR_DEFINITIONS = (
					"DEBUG=1",
					"$(inherited)",
				);
				GCC_SYMBOLS_PRIVATE_EXTERN = NO;
				GCC_WARN_64_TO_32_BIT_CONVERSION = YES;
				GCC_WARN_ABOUT_RETURN_TYPE = YES_ERROR;
				GCC_WARN_UNDECLARED_SELECTOR = YES;
				GCC_WARN_UNINITIALIZED_AUTOS = YES_AGGRESSIVE;
				GCC_WARN_UNUSED_FUNCTION = YES;
				GCC_WARN_UNUSED_VARIABLE = YES;
				IPHONEOS_DEPLOYMENT_TARGET = 8.3;
				MTL_ENABLE_DEBUG_INFO = YES;
				ONLY_ACTIVE_ARCH = YES;
				SDKROOT = iphoneos;
			};
			name = Debug;
		};
		DC0ADF7A1B316E340019236D /* Release */ = {
			isa = XCBuildConfiguration;
			buildSettings = {
				ALWAYS_SEARCH_USER_PATHS = NO;
				CLANG_CXX_LANGUAGE_STANDARD = "gnu++0x";
				CLANG_CXX_LIBRARY = "libc++";
				CLANG_ENABLE_MODULES = YES;
				CLANG_ENABLE_OBJC_ARC = YES;
				CLANG_WARN_BOOL_CONVERSION = YES;
				CLANG_WARN_CONSTANT_CONVERSION = YES;
				CLANG_WARN_DIRECT_OBJC_ISA_USAGE = YES_ERROR;
				CLANG_WARN_EMPTY_BODY = YES;
				CLANG_WARN_ENUM_CONVERSION = YES;
				CLANG_WARN_INT_CONVERSION = YES;
				CLANG_WARN_OBJC_ROOT_CLASS = YES_ERROR;
				CLANG_WARN_UNREACHABLE_CODE = YES;
				CLANG_WARN__DUPLICATE_METHOD_MATCH = YES;
				"CODE_SIGN_IDENTITY[sdk=iphoneos*]" = "iPhone Developer";
				COPY_PHASE_STRIP = NO;
				DEBUG_INFORMATION_FORMAT = "dwarf-with-dsym";
				ENABLE_NS_ASSERTIONS = NO;
				ENABLE_STRICT_OBJC_MSGSEND = YES;
				GCC_C_LANGUAGE_STANDARD = gnu99;
				GCC_NO_COMMON_BLOCKS = YES;
				GCC_WARN_64_TO_32_BIT_CONVERSION = YES;
				GCC_WARN_ABOUT_RETURN_TYPE = YES_ERROR;
				GCC_WARN_UNDECLARED_SELECTOR = YES;
				GCC_WARN_UNINITIALIZED_AUTOS = YES_AGGRESSIVE;
				GCC_WARN_UNUSED_FUNCTION = YES;
				GCC_WARN_UNUSED_VARIABLE = YES;
				IPHONEOS_DEPLOYMENT_TARGET = 8.3;
				MTL_ENABLE_DEBUG_INFO = NO;
				SDKROOT = iphoneos;
				VALIDATE_PRODUCT = YES;
			};
			name = Release;
		};
		DC0ADF7C1B316E340019236D /* Debug */ = {
			isa = XCBuildConfiguration;
			buildSettings = {
				ASSETCATALOG_COMPILER_APPICON_NAME = AppIcon;
				INFOPLIST_FILE = DigiwinSoft/Info.plist;
				IPHONEOS_DEPLOYMENT_TARGET = 8.1;
				LD_RUNPATH_SEARCH_PATHS = "$(inherited) @executable_path/Frameworks";
				PRODUCT_NAME = "$(TARGET_NAME)";
			};
			name = Debug;
		};
		DC0ADF7D1B316E340019236D /* Release */ = {
			isa = XCBuildConfiguration;
			buildSettings = {
				ASSETCATALOG_COMPILER_APPICON_NAME = AppIcon;
				INFOPLIST_FILE = DigiwinSoft/Info.plist;
				IPHONEOS_DEPLOYMENT_TARGET = 8.1;
				LD_RUNPATH_SEARCH_PATHS = "$(inherited) @executable_path/Frameworks";
				PRODUCT_NAME = "$(TARGET_NAME)";
			};
			name = Release;
		};
		DC0ADF7F1B316E340019236D /* Debug */ = {
			isa = XCBuildConfiguration;
			buildSettings = {
				BUNDLE_LOADER = "$(TEST_HOST)";
				FRAMEWORK_SEARCH_PATHS = (
					"$(SDKROOT)/Developer/Library/Frameworks",
					"$(inherited)",
				);
				GCC_PREPROCESSOR_DEFINITIONS = (
					"DEBUG=1",
					"$(inherited)",
				);
				INFOPLIST_FILE = DigiwinSoftTests/Info.plist;
				LD_RUNPATH_SEARCH_PATHS = "$(inherited) @executable_path/Frameworks @loader_path/Frameworks";
				PRODUCT_NAME = "$(TARGET_NAME)";
				TEST_HOST = "$(BUILT_PRODUCTS_DIR)/DigiwinSoft.app/DigiwinSoft";
			};
			name = Debug;
		};
		DC0ADF801B316E340019236D /* Release */ = {
			isa = XCBuildConfiguration;
			buildSettings = {
				BUNDLE_LOADER = "$(TEST_HOST)";
				FRAMEWORK_SEARCH_PATHS = (
					"$(SDKROOT)/Developer/Library/Frameworks",
					"$(inherited)",
				);
				INFOPLIST_FILE = DigiwinSoftTests/Info.plist;
				LD_RUNPATH_SEARCH_PATHS = "$(inherited) @executable_path/Frameworks @loader_path/Frameworks";
				PRODUCT_NAME = "$(TARGET_NAME)";
				TEST_HOST = "$(BUILT_PRODUCTS_DIR)/DigiwinSoft.app/DigiwinSoft";
			};
			name = Release;
		};
/* End XCBuildConfiguration section */

/* Begin XCConfigurationList section */
		DC0ADF531B316E340019236D /* Build configuration list for PBXProject "DigiwinSoft" */ = {
			isa = XCConfigurationList;
			buildConfigurations = (
				DC0ADF791B316E340019236D /* Debug */,
				DC0ADF7A1B316E340019236D /* Release */,
			);
			defaultConfigurationIsVisible = 0;
			defaultConfigurationName = Release;
		};
		DC0ADF7B1B316E340019236D /* Build configuration list for PBXNativeTarget "DigiwinSoft" */ = {
			isa = XCConfigurationList;
			buildConfigurations = (
				DC0ADF7C1B316E340019236D /* Debug */,
				DC0ADF7D1B316E340019236D /* Release */,
			);
			defaultConfigurationIsVisible = 0;
			defaultConfigurationName = Release;
		};
		DC0ADF7E1B316E340019236D /* Build configuration list for PBXNativeTarget "DigiwinSoftTests" */ = {
			isa = XCConfigurationList;
			buildConfigurations = (
				DC0ADF7F1B316E340019236D /* Debug */,
				DC0ADF801B316E340019236D /* Release */,
			);
			defaultConfigurationIsVisible = 0;
			defaultConfigurationName = Release;
		};
/* End XCConfigurationList section */
	};
	rootObject = DC0ADF501B316E340019236D /* Project object */;
}
